
Microsoft Visual Studio Solution File, Format Version 12.00
# Visual Studio Version 17
VisualStudioVersion = 17.0.32112.339
MinimumVisualStudioVersion = 10.0.40219.1
Project("{FAE04EC0-301F-11D3-BF4B-00C04F79EFBC}") = "Netwise.WebApp", "Netwise.WebApp\Netwise.WebApp.csproj", "{8C691CC1-A0C6-4FA1-A9AA-016486688F66}"
EndProject
Project("{FAE04EC0-301F-11D3-BF4B-00C04F79EFBC}") = "Netwise.ConsoleApp", "Netwise.ConsoleApp\Netwise.ConsoleApp.csproj", "{63FBEC05-B386-4914-9FCB-99EA699BDE3E}"
EndProject
Project("{FAE04EC0-301F-11D3-BF4B-00C04F79EFBC}") = "Netwise.Tests", "Netwise.Tests\Netwise.Tests.csproj", "{59B74D46-DC37-4967-A189-E35F93F057A9}"
EndProject
Project("{FAE04EC0-301F-11D3-BF4B-00C04F79EFBC}") = "Netwise.Domain", "Netwise.Domain\Netwise.Domain.csproj", "{76714E83-30CC-49B4-A7D3-9046F2D827B7}"
EndProject
Project("{FAE04EC0-301F-11D3-BF4B-00C04F79EFBC}") = "Netwise.Infrastructure", "Netwise.Infrastructure\Netwise.Infrastructure.csproj", "{033C5F75-7199-418E-B9D7-880688DC3123}"
EndProject
Global
	GlobalSection(SolutionConfigurationPlatforms) = preSolution
		Debug|Any CPU = Debug|Any CPU
		Release|Any CPU = Release|Any CPU
	EndGlobalSection
	GlobalSection(ProjectConfigurationPlatforms) = postSolution
		{8C691CC1-A0C6-4FA1-A9AA-016486688F66}.Debug|Any CPU.ActiveCfg = Debug|Any CPU
		{8C691CC1-A0C6-4FA1-A9AA-016486688F66}.Debug|Any CPU.Build.0 = Debug|Any CPU
		{8C691CC1-A0C6-4FA1-A9AA-016486688F66}.Release|Any CPU.ActiveCfg = Release|Any CPU
		{8C691CC1-A0C6-4FA1-A9AA-016486688F66}.Release|Any CPU.Build.0 = Release|Any CPU
		{63FBEC05-B386-4914-9FCB-99EA699BDE3E}.Debug|Any CPU.ActiveCfg = Debug|Any CPU
		{63FBEC05-B386-4914-9FCB-99EA699BDE3E}.Debug|Any CPU.Build.0 = Debug|Any CPU
		{63FBEC05-B386-4914-9FCB-99EA699BDE3E}.Release|Any CPU.ActiveCfg = Release|Any CPU
		{63FBEC05-B386-4914-9FCB-99EA699BDE3E}.Release|Any CPU.Build.0 = Release|Any CPU
		{59B74D46-DC37-4967-A189-E35F93F057A9}.Debug|Any CPU.ActiveCfg = Debug|Any CPU
		{59B74D46-DC37-4967-A189-E35F93F057A9}.Debug|Any CPU.Build.0 = Debug|Any CPU
		{59B74D46-DC37-4967-A189-E35F93F057A9}.Release|Any CPU.ActiveCfg = Release|Any CPU
		{59B74D46-DC37-4967-A189-E35F93F057A9}.Release|Any CPU.Build.0 = Release|Any CPU
		{76714E83-30CC-49B4-A7D3-9046F2D827B7}.Debug|Any CPU.ActiveCfg = Debug|Any CPU
		{76714E83-30CC-49B4-A7D3-9046F2D827B7}.Debug|Any CPU.Build.0 = Debug|Any CPU
		{76714E83-30CC-49B4-A7D3-9046F2D827B7}.Release|Any CPU.ActiveCfg = Release|Any CPU
		{76714E83-30CC-49B4-A7D3-9046F2D827B7}.Release|Any CPU.Build.0 = Release|Any CPU
		{033C5F75-7199-418E-B9D7-880688DC3123}.Debug|Any CPU.ActiveCfg = Debug|Any CPU
		{033C5F75-7199-418E-B9D7-880688DC3123}.Debug|Any CPU.Build.0 = Debug|Any CPU
		{033C5F75-7199-418E-B9D7-880688DC3123}.Release|Any CPU.ActiveCfg = Release|Any CPU
		{033C5F75-7199-418E-B9D7-880688DC3123}.Release|Any CPU.Build.0 = Release|Any CPU
	EndGlobalSection
	GlobalSection(SolutionProperties) = preSolution
		HideSolutionNode = FALSE
	EndGlobalSection
	GlobalSection(ExtensibilityGlobals) = postSolution
		SolutionGuid = {13927552-D3FE-45CE-B14B-835F2E471E4F}
	EndGlobalSection
EndGlobal
